
Microsoft Visual Studio Solution File, Format Version 12.00
# Visual Studio Version 16
VisualStudioVersion = 16.0.29509.3
MinimumVisualStudioVersion = 10.0.40219.1
Project("{8BC9CEB8-8B4A-11D0-8D11-00A0C91BC942}") = "Calculator", "Calculator\Calculator.vcxproj", "{A2C8E78F-9DF6-4C29-9C45-BEDCA26093D1}"
EndProject
Global
	GlobalSection(SolutionConfigurationPlatforms) = preSolution
		Debug|x64 = Debug|x64
		Debug|x86 = Debug|x86
		Release|x64 = Release|x64
		Release|x86 = Release|x86
	EndGlobalSection
	GlobalSection(ProjectConfigurationPlatforms) = postSolution
		{A2C8E78F-9DF6-4C29-9C45-BEDCA26093D1}.Debug|x64.ActiveCfg = Debug|x64
		{A2C8E78F-9DF6-4C29-9C45-BEDCA26093D1}.Debug|x64.Build.0 = Debug|x64
		{A2C8E78F-9DF6-4C29-9C45-BEDCA26093D1}.Debug|x86.ActiveCfg = Debug|Win32
		{A2C8E78F-9DF6-4C29-9C45-BEDCA26093D1}.Debug|x86.Build.0 = Debug|Win32
		{A2C8E78F-9DF6-4C29-9C45-BEDCA26093D1}.Release|x64.ActiveCfg = Release|x64
		{A2C8E78F-9DF6-4C29-9C45-BEDCA26093D1}.Release|x64.Build.0 = Release|x64
		{A2C8E78F-9DF6-4C29-9C45-BEDCA26093D1}.Release|x86.ActiveCfg = Release|Win32
		{A2C8E78F-9DF6-4C29-9C45-BEDCA26093D1}.Release|x86.Build.0 = Release|Win32
	EndGlobalSection
	GlobalSection(SolutionProperties) = preSolution
		HideSolutionNode = FALSE
	EndGlobalSection
	GlobalSection(ExtensibilityGlobals) = postSolution
		SolutionGuid = {F298995D-2E0C-46DE-8094-A6818EC410E8}
	EndGlobalSection
EndGlobal
